<?xml version="1.0" encoding="utf-8"?>
<Project ToolsVersion="16.0" xmlns="http://schemas.microsoft.com/developer/msbuild/2003">
  <ItemGroup>
    <ClCompile Include="D:\gfx-framework-master\src\components\camera_input.cpp">
      <Filter>src\components</Filter>
    </ClCompile>
    <ClCompile Include="D:\gfx-framework-master\src\components\scene_input.cpp">
      <Filter>src\components</Filter>
    </ClCompile>
    <ClCompile Include="D:\gfx-framework-master\src\components\simple_scene.cpp">
      <Filter>src\components</Filter>
    </ClCompile>
    <ClCompile Include="D:\gfx-framework-master\src\components\text_renderer.cpp">
      <Filter>src\components</Filter>
    </ClCompile>
    <ClCompile Include="D:\gfx-framework-master\src\core\engine.cpp">
      <Filter>src\core</Filter>
    </ClCompile>
    <ClCompile Include="D:\gfx-framework-master\src\core\gpu\frame_buffer.cpp">
      <Filter>src\core\gpu</Filter>
    </ClCompile>
    <ClCompile Include="D:\gfx-framework-master\src\core\gpu\gpu_buffers.cpp">
      <Filter>src\core\gpu</Filter>
    </ClCompile>
    <ClCompile Include="D:\gfx-framework-master\src\core\gpu\mesh.cpp">
      <Filter>src\core\gpu</Filter>
    </ClCompile>
    <ClCompile Include="D:\gfx-framework-master\src\core\gpu\shader.cpp">
      <Filter>src\core\gpu</Filter>
    </ClCompile>
    <ClCompile Include="D:\gfx-framework-master\src\core\gpu\texture2D.cpp">
      <Filter>src\core\gpu</Filter>
    </ClCompile>
    <ClCompile Include="D:\gfx-framework-master\src\core\managers\texture_manager.cpp">
      <Filter>src\core\managers</Filter>
    </ClCompile>
    <ClCompile Include="D:\gfx-framework-master\src\core\window\input_controller.cpp">
      <Filter>src\core\window</Filter>
    </ClCompile>
    <ClCompile Include="D:\gfx-framework-master\src\core\window\window_callbacks.cpp">
      <Filter>src\core\window</Filter>
    </ClCompile>
    <ClCompile Include="D:\gfx-framework-master\src\core\window\window_object.cpp">
      <Filter>src\core\window</Filter>
    </ClCompile>
    <ClCompile Include="D:\gfx-framework-master\src\core\world.cpp">
      <Filter>src\core</Filter>
    </ClCompile>
    <ClCompile Include="D:\gfx-framework-master\src\lab_m1\lab1\lab1.cpp">
      <Filter>src\lab_m1\lab1</Filter>
    </ClCompile>
    <ClCompile Include="D:\gfx-framework-master\src\lab_m1\lab2\lab2.cpp">
      <Filter>src\lab_m1\lab2</Filter>
    </ClCompile>
    <ClCompile Include="D:\gfx-framework-master\src\lab_m1\lab3\lab3.cpp">
      <Filter>src\lab_m1\lab3</Filter>
    </ClCompile>
    <ClCompile Include="D:\gfx-framework-master\src\lab_m1\lab3\lab3_vis2D.cpp">
      <Filter>src\lab_m1\lab3</Filter>
    </ClCompile>
    <ClCompile Include="D:\gfx-framework-master\src\lab_m1\lab3\object2D.cpp">
      <Filter>src\lab_m1\lab3</Filter>
    </ClCompile>
    <ClCompile Include="D:\gfx-framework-master\src\lab_m1\lab4\lab4.cpp">
      <Filter>src\lab_m1\lab4</Filter>
    </ClCompile>
    <ClCompile Include="D:\gfx-framework-master\src\lab_m1\lab5\lab5.cpp">
      <Filter>src\lab_m1\lab5</Filter>
    </ClCompile>
    <ClCompile Include="D:\gfx-framework-master\src\lab_m1\lab7\lab7.cpp">
      <Filter>src\lab_m1\lab7</Filter>
    </ClCompile>
    <ClCompile Include="D:\gfx-framework-master\src\lab_m1\lab8\lab8.cpp">
      <Filter>src\lab_m1\lab8</Filter>
    </ClCompile>
    <ClCompile Include="D:\gfx-framework-master\src\lab_m1\lab9\lab9.cpp">
      <Filter>src\lab_m1\lab9</Filter>
    </ClCompile>
    <ClCompile Include="D:\gfx-framework-master\src\main.cpp">
      <Filter>src</Filter>
    </ClCompile>
    <ClCompile Include="D:\gfx-framework-master\src\utils\gl_utils.cpp">
      <Filter>src\utils</Filter>
    </ClCompile>
    <ClCompile Include="D:\gfx-framework-master\src\utils\text_utils.cpp">
      <Filter>src\utils</Filter>
    </ClCompile>
    <ClCompile Include="src\lab_m1\Tema2\tema2.cpp">
      <Filter>src\lab_m1\Tema2</Filter>
    </ClCompile>
  </ItemGroup>
  <ItemGroup>
    <ClInclude Include="D:\gfx-framework-master\src\components\camera.h">
      <Filter>src\components</Filter>
    </ClInclude>
    <ClInclude Include="D:\gfx-framework-master\src\components\camera_input.h">
      <Filter>src\components</Filter>
    </ClInclude>
    <ClInclude Include="D:\gfx-framework-master\src\components\exports.h">
      <Filter>src\components</Filter>
    </ClInclude>
    <ClInclude Include="D:\gfx-framework-master\src\components\scene_input.h">
      <Filter>src\components</Filter>
    </ClInclude>
    <ClInclude Include="D:\gfx-framework-master\src\components\simple_scene.h">
      <Filter>src\components</Filter>
    </ClInclude>
    <ClInclude Include="D:\gfx-framework-master\src\components\text_renderer.h">
      <Filter>src\components</Filter>
    </ClInclude>
    <ClInclude Include="D:\gfx-framework-master\src\components\transform.h">
      <Filter>src\components</Filter>
    </ClInclude>
    <ClInclude Include="D:\gfx-framework-master\src\core\engine.h">
      <Filter>src\core</Filter>
    </ClInclude>
    <ClInclude Include="D:\gfx-framework-master\src\core\gpu\frame_buffer.h">
      <Filter>src\core\gpu</Filter>
    </ClInclude>
    <ClInclude Include="D:\gfx-framework-master\src\core\gpu\gpu_buffers.h">
      <Filter>src\core\gpu</Filter>
    </ClInclude>
    <ClInclude Include="D:\gfx-framework-master\src\core\gpu\mesh.h">
      <Filter>src\core\gpu</Filter>
    </ClInclude>
    <ClInclude Include="D:\gfx-framework-master\src\core\gpu\particle_effect.h">
      <Filter>src\core\gpu</Filter>
    </ClInclude>
    <ClInclude Include="D:\gfx-framework-master\src\core\gpu\shader.h">
      <Filter>src\core\gpu</Filter>
    </ClInclude>
    <ClInclude Include="D:\gfx-framework-master\src\core\gpu\ssbo.h">
      <Filter>src\core\gpu</Filter>
    </ClInclude>
    <ClInclude Include="D:\gfx-framework-master\src\core\gpu\texture2D.h">
      <Filter>src\core\gpu</Filter>
    </ClInclude>
    <ClInclude Include="D:\gfx-framework-master\src\core\gpu\vertex_bone_data.h">
      <Filter>src\core\gpu</Filter>
    </ClInclude>
    <ClInclude Include="D:\gfx-framework-master\src\core\gpu\vertex_format.h">
      <Filter>src\core\gpu</Filter>
    </ClInclude>
    <ClInclude Include="D:\gfx-framework-master\src\core\managers\resource_path.h">
      <Filter>src\core\managers</Filter>
    </ClInclude>
    <ClInclude Include="D:\gfx-framework-master\src\core\managers\texture_manager.h">
      <Filter>src\core\managers</Filter>
    </ClInclude>
    <ClInclude Include="D:\gfx-framework-master\src\core\window\input_controller.h">
      <Filter>src\core\window</Filter>
    </ClInclude>
    <ClInclude Include="D:\gfx-framework-master\src\core\window\window_callbacks.h">
      <Filter>src\core\window</Filter>
    </ClInclude>
    <ClInclude Include="D:\gfx-framework-master\src\core\window\window_object.h">
      <Filter>src\core\window</Filter>
    </ClInclude>
    <ClInclude Include="D:\gfx-framework-master\src\core\world.h">
      <Filter>src\core</Filter>
    </ClInclude>
    <ClInclude Include="D:\gfx-framework-master\src\lab_m1\lab1\lab1.h">
      <Filter>src\lab_m1\lab1</Filter>
    </ClInclude>
    <ClInclude Include="D:\gfx-framework-master\src\lab_m1\lab2\lab2.h">
      <Filter>src\lab_m1\lab2</Filter>
    </ClInclude>
    <ClInclude Include="D:\gfx-framework-master\src\lab_m1\lab3\lab3.h">
      <Filter>src\lab_m1\lab3</Filter>
    </ClInclude>
    <ClInclude Include="D:\gfx-framework-master\src\lab_m1\lab3\lab3_vis2D.h">
      <Filter>src\lab_m1\lab3</Filter>
    </ClInclude>
    <ClInclude Include="D:\gfx-framework-master\src\lab_m1\lab3\object2D.h">
      <Filter>src\lab_m1\lab3</Filter>
    </ClInclude>
    <ClInclude Include="D:\gfx-framework-master\src\lab_m1\lab3\transform2D.h">
      <Filter>src\lab_m1\lab3</Filter>
    </ClInclude>
    <ClInclude Include="D:\gfx-framework-master\src\lab_m1\lab4\lab4.h">
      <Filter>src\lab_m1\lab4</Filter>
    </ClInclude>
    <ClInclude Include="D:\gfx-framework-master\src\lab_m1\lab4\transform3D.h">
      <Filter>src\lab_m1\lab4</Filter>
    </ClInclude>
    <ClInclude Include="D:\gfx-framework-master\src\lab_m1\lab5\lab5.h">
      <Filter>src\lab_m1\lab5</Filter>
    </ClInclude>
    <ClInclude Include="D:\gfx-framework-master\src\lab_m1\lab7\lab7.h">
      <Filter>src\lab_m1\lab7</Filter>
    </ClInclude>
    <ClInclude Include="D:\gfx-framework-master\src\lab_m1\lab7\shaders\FragmentShader.glsl">
      <Filter>src\lab_m1\lab7\shaders</Filter>
    </ClInclude>
    <ClInclude Include="D:\gfx-framework-master\src\lab_m1\lab7\shaders\VertexShader.glsl">
      <Filter>src\lab_m1\lab7\shaders</Filter>
    </ClInclude>
    <ClInclude Include="D:\gfx-framework-master\src\lab_m1\lab8\lab8.h">
      <Filter>src\lab_m1\lab8</Filter>
    </ClInclude>
    <ClInclude Include="D:\gfx-framework-master\src\lab_m1\lab8\shaders\FragmentShader.glsl">
      <Filter>src\lab_m1\lab8\shaders</Filter>
    </ClInclude>
    <ClInclude Include="D:\gfx-framework-master\src\lab_m1\lab8\shaders\VertexShader.glsl">
      <Filter>src\lab_m1\lab8\shaders</Filter>
    </ClInclude>
    <ClInclude Include="D:\gfx-framework-master\src\lab_m1\lab9\lab9.h">
      <Filter>src\lab_m1\lab9</Filter>
    </ClInclude>
    <ClInclude Include="D:\gfx-framework-master\src\lab_m1\lab9\shaders\FragmentShader.glsl">
      <Filter>src\lab_m1\lab9\shaders</Filter>
    </ClInclude>
    <ClInclude Include="D:\gfx-framework-master\src\lab_m1\lab9\shaders\VertexShader.glsl">
      <Filter>src\lab_m1\lab9\shaders</Filter>
    </ClInclude>
    <ClInclude Include="D:\gfx-framework-master\src\lab_m1\lab_list.h">
      <Filter>src\lab_m1</Filter>
    </ClInclude>
    <ClInclude Include="D:\gfx-framework-master\src\utils\gl_utils.h">
      <Filter>src\utils</Filter>
    </ClInclude>
    <ClInclude Include="D:\gfx-framework-master\src\utils\glm_utils.h">
      <Filter>src\utils</Filter>
    </ClInclude>
    <ClInclude Include="D:\gfx-framework-master\src\utils\math_utils.h">
      <Filter>src\utils</Filter>
    </ClInclude>
    <ClInclude Include="D:\gfx-framework-master\src\utils\memory_utils.h">
      <Filter>src\utils</Filter>
    </ClInclude>
    <ClInclude Include="D:\gfx-framework-master\src\utils\text_utils.h">
      <Filter>src\utils</Filter>
    </ClInclude>
    <ClInclude Include="D:\gfx-framework-master\src\utils\window_utils.h">
      <Filter>src\utils</Filter>
    </ClInclude>
    <ClInclude Include="D:\gfx-framework-master\src\lab_m1\lab5\lab_camera.h">
      <Filter>src\lab_m1\lab5</Filter>
    </ClInclude>
    <ClInclude Include="src\lab_m1\Tema2\tema2.h">
      <Filter>src\lab_m1\Tema2</Filter>
    </ClInclude>
  </ItemGroup>
  <ItemGroup>
    <CustomBuild Include="D:\gfx-framework-master\CMakeLists.txt" />
  </ItemGroup>
  <ItemGroup>
    <Filter Include="src">
      <UniqueIdentifier>{72E68D53-27BB-3AA3-B140-778BE2A69627}</UniqueIdentifier>
    </Filter>
    <Filter Include="src\components">
      <UniqueIdentifier>{6B4AC745-3D30-3A28-9C4C-3999A8EEA006}</UniqueIdentifier>
    </Filter>
    <Filter Include="src\core">
      <UniqueIdentifier>{03E0679C-2FD2-3711-80DE-65B2B9B9B2FF}</UniqueIdentifier>
    </Filter>
    <Filter Include="src\core\gpu">
      <UniqueIdentifier>{7A802618-49DC-3B63-B5B6-16B22914800B}</UniqueIdentifier>
    </Filter>
    <Filter Include="src\core\managers">
      <UniqueIdentifier>{58E8B940-447E-3EA6-A8E9-DD6C8EA4665D}</UniqueIdentifier>
    </Filter>
    <Filter Include="src\core\window">
      <UniqueIdentifier>{E8E5A1AD-DCFA-3692-80A6-AC1FC56A80B6}</UniqueIdentifier>
    </Filter>
    <Filter Include="src\lab_m1">
      <UniqueIdentifier>{2C31FE6B-6A93-3B8B-9469-3DD4F1C02F5E}</UniqueIdentifier>
    </Filter>
    <Filter Include="src\lab_m1\lab1">
      <UniqueIdentifier>{D868D4EC-6C54-38FA-8964-E43CB16084E5}</UniqueIdentifier>
    </Filter>
    <Filter Include="src\lab_m1\lab2">
      <UniqueIdentifier>{818FD1DD-8B42-394D-96B4-327227F142A9}</UniqueIdentifier>
    </Filter>
    <Filter Include="src\lab_m1\lab3">
      <UniqueIdentifier>{B08F4695-C17E-324D-B580-B29A9D87B740}</UniqueIdentifier>
    </Filter>
    <Filter Include="src\lab_m1\lab4">
      <UniqueIdentifier>{4FC038C4-F5DD-3742-8D56-7940269514C7}</UniqueIdentifier>
    </Filter>
    <Filter Include="src\lab_m1\lab5">
      <UniqueIdentifier>{1C842179-5B6D-37DA-9273-A2D3B1B8DDBD}</UniqueIdentifier>
    </Filter>
    <Filter Include="src\lab_m1\lab7">
      <UniqueIdentifier>{97091371-3551-3313-BFA4-83F5340B1CF3}</UniqueIdentifier>
    </Filter>
    <Filter Include="src\lab_m1\lab7\shaders">
      <UniqueIdentifier>{02F1BC2D-CBB6-3B56-B2E5-8F3A73585FD4}</UniqueIdentifier>
    </Filter>
    <Filter Include="src\lab_m1\lab8">
      <UniqueIdentifier>{F70280B6-D76E-3FAE-BA88-0F5899FF7D0D}</UniqueIdentifier>
    </Filter>
    <Filter Include="src\lab_m1\lab8\shaders">
      <UniqueIdentifier>{59AAD002-E654-3C58-9F9D-9AC6070E7BE8}</UniqueIdentifier>
    </Filter>
    <Filter Include="src\lab_m1\lab9">
      <UniqueIdentifier>{43DE14D1-1962-35C0-81D5-8CEA9E511DA3}</UniqueIdentifier>
    </Filter>
    <Filter Include="src\lab_m1\lab9\shaders">
      <UniqueIdentifier>{4CD6DF6D-CF45-3A27-A66E-6FC953C2A0EA}</UniqueIdentifier>
    </Filter>
    <Filter Include="src\utils">
      <UniqueIdentifier>{F2AF1415-5566-307F-AA9B-1FAC11D196F0}</UniqueIdentifier>
    </Filter>
    <Filter Include="src\lab_m1\Tema2">
      <UniqueIdentifier>{8bcc2bb9-4768-4aab-bd77-2717dab16b5f}</UniqueIdentifier>
    </Filter>
    <Filter Include="src\lab_m1\Tema2\shaders">
      <UniqueIdentifier>{d9d92d55-f0dd-4812-bb92-a3786dcc2b49}</UniqueIdentifier>
    </Filter>
  </ItemGroup>
  <ItemGroup>
    <None Include="src\lab_m1\Tema2\shaders\FragmentShader.glsl">
      <Filter>src\lab_m1\Tema2\shaders</Filter>
    </None>
    <None Include="src\lab_m1\Tema2\shaders\VertexShader.glsl">
      <Filter>src\lab_m1\Tema2\shaders</Filter>
    </None>
  </ItemGroup>
</Project>